
Microsoft Visual Studio Solution File, Format Version 12.00
# Visual Studio Version 17
VisualStudioVersion = 17.5.002.0
MinimumVisualStudioVersion = 10.0.40219.1
Project("{2150E333-8FDC-42A3-9474-1A3956D46DE8}") = "sandbox", "sandbox", "{0269956D-BCA2-41B8-90AE-14E57448B574}"
EndProject
Project("{9A19103F-16F7-4668-BE54-9A1E7A4F7556}") = "sandbox_project", "sandbox\sandbox_project\sandbox_project.csproj", "{9E5E4402-03E0-48B3-8792-F67CA12721BF}"
EndProject
Project("{2150E333-8FDC-42A3-9474-1A3956D46DE8}") = "week01", "week01", "{2BBA2F33-6DE9-41FC-AB9A-7E4EF99BB348}"
EndProject
Project("{9A19103F-16F7-4668-BE54-9A1E7A4F7556}") = "analyze", "week01\analyze\analyze.csproj", "{8967E3F6-AA5A-421F-9004-0D037B2469A5}"
EndProject
Project("{9A19103F-16F7-4668-BE54-9A1E7A4F7556}") = "code", "week01\code\code.csproj", "{6CAB2B0D-F7A5-4BEE-B3AE-8DE659AF87E5}"
EndProject
Project("{9A19103F-16F7-4668-BE54-9A1E7A4F7556}") = "teach", "week01\teach\teach.csproj", "{D5290854-2B76-44AA-816C-8AE5797D0EA3}"
EndProject
Project("{2150E333-8FDC-42A3-9474-1A3956D46DE8}") = "week02", "week02", "{8ADC5047-B229-4D8E-906D-DBF25FEA0BAE}"
EndProject
Project("{9A19103F-16F7-4668-BE54-9A1E7A4F7556}") = "analyze", "week02\analyze\analyze.csproj", "{2F3FAA55-E931-4571-9369-79E5CAE8B1B6}"
EndProject
Project("{9A19103F-16F7-4668-BE54-9A1E7A4F7556}") = "code", "week02\code\code.csproj", "{4F83326C-A29C-4FF2-8992-0A05EB06C96C}"
EndProject
Project("{9A19103F-16F7-4668-BE54-9A1E7A4F7556}") = "learn", "week02\learn\learn.csproj", "{8D94F5D4-5DC8-472B-982D-B5C70F0D852B}"
EndProject
Project("{9A19103F-16F7-4668-BE54-9A1E7A4F7556}") = "teach", "week02\teach\teach.csproj", "{B9DF0D68-1976-413A-9908-8827F321A825}"
EndProject
Project("{2150E333-8FDC-42A3-9474-1A3956D46DE8}") = "week03", "week03", "{86C06877-9BF4-49A4-BD98-3AA570F5BE06}"
EndProject
Project("{9A19103F-16F7-4668-BE54-9A1E7A4F7556}") = "code", "week03\code\code.csproj", "{74A41922-DC04-4701-9229-8DC1BE2BCC7B}"
EndProject
Project("{9A19103F-16F7-4668-BE54-9A1E7A4F7556}") = "learn", "week03\learn\learn.csproj", "{E87FCBB0-01E1-448A-9C3C-3DF82973E6A4}"
EndProject
Project("{9A19103F-16F7-4668-BE54-9A1E7A4F7556}") = "teach", "week03\teach\teach.csproj", "{D60AF187-E7D3-436A-97AC-14506E6E3CED}"
EndProject
Project("{2150E333-8FDC-42A3-9474-1A3956D46DE8}") = "week04", "week04", "{00970D65-3913-4816-B7DC-C9B37116EE25}"
EndProject
Project("{9A19103F-16F7-4668-BE54-9A1E7A4F7556}") = "code", "week04\code\code.csproj", "{6308C1B6-78E4-4F2A-A9DC-F860C49027AD}"
EndProject
Project("{2150E333-8FDC-42A3-9474-1A3956D46DE8}") = "week05", "week05", "{CF5F70E3-1C34-4D53-8E72-57C61A23C29D}"
EndProject
Project("{9A19103F-16F7-4668-BE54-9A1E7A4F7556}") = "code", "week05\code\code.csproj", "{B2760E0E-5E7A-406E-90CA-0B785AE7654A}"
EndProject
Project("{2150E333-8FDC-42A3-9474-1A3956D46DE8}") = "week06", "week06", "{E7C69957-91CB-4D07-A216-05B346D7CD51}"
EndProject
Project("{9A19103F-16F7-4668-BE54-9A1E7A4F7556}") = "code", "week06\code\code.csproj", "{2792D056-68C2-480F-9C90-C65697851C84}"
EndProject
Global
	GlobalSection(SolutionConfigurationPlatforms) = preSolution
		Debug|Any CPU = Debug|Any CPU
		Release|Any CPU = Release|Any CPU
	EndGlobalSection
	GlobalSection(ProjectConfigurationPlatforms) = postSolution
		{9E5E4402-03E0-48B3-8792-F67CA12721BF}.Debug|Any CPU.ActiveCfg = Debug|Any CPU
		{9E5E4402-03E0-48B3-8792-F67CA12721BF}.Debug|Any CPU.Build.0 = Debug|Any CPU
		{9E5E4402-03E0-48B3-8792-F67CA12721BF}.Release|Any CPU.ActiveCfg = Release|Any CPU
		{9E5E4402-03E0-48B3-8792-F67CA12721BF}.Release|Any CPU.Build.0 = Release|Any CPU
		{8967E3F6-AA5A-421F-9004-0D037B2469A5}.Debug|Any CPU.ActiveCfg = Debug|Any CPU
		{8967E3F6-AA5A-421F-9004-0D037B2469A5}.Debug|Any CPU.Build.0 = Debug|Any CPU
		{8967E3F6-AA5A-421F-9004-0D037B2469A5}.Release|Any CPU.ActiveCfg = Release|Any CPU
		{8967E3F6-AA5A-421F-9004-0D037B2469A5}.Release|Any CPU.Build.0 = Release|Any CPU
		{6CAB2B0D-F7A5-4BEE-B3AE-8DE659AF87E5}.Debug|Any CPU.ActiveCfg = Debug|Any CPU
		{6CAB2B0D-F7A5-4BEE-B3AE-8DE659AF87E5}.Debug|Any CPU.Build.0 = Debug|Any CPU
		{6CAB2B0D-F7A5-4BEE-B3AE-8DE659AF87E5}.Release|Any CPU.ActiveCfg = Release|Any CPU
		{6CAB2B0D-F7A5-4BEE-B3AE-8DE659AF87E5}.Release|Any CPU.Build.0 = Release|Any CPU
		{D5290854-2B76-44AA-816C-8AE5797D0EA3}.Debug|Any CPU.ActiveCfg = Debug|Any CPU
		{D5290854-2B76-44AA-816C-8AE5797D0EA3}.Debug|Any CPU.Build.0 = Debug|Any CPU
		{D5290854-2B76-44AA-816C-8AE5797D0EA3}.Release|Any CPU.ActiveCfg = Release|Any CPU
		{D5290854-2B76-44AA-816C-8AE5797D0EA3}.Release|Any CPU.Build.0 = Release|Any CPU
		{2F3FAA55-E931-4571-9369-79E5CAE8B1B6}.Debug|Any CPU.ActiveCfg = Debug|Any CPU
		{2F3FAA55-E931-4571-9369-79E5CAE8B1B6}.Debug|Any CPU.Build.0 = Debug|Any CPU
		{2F3FAA55-E931-4571-9369-79E5CAE8B1B6}.Release|Any CPU.ActiveCfg = Release|Any CPU
		{2F3FAA55-E931-4571-9369-79E5CAE8B1B6}.Release|Any CPU.Build.0 = Release|Any CPU
		{4F83326C-A29C-4FF2-8992-0A05EB06C96C}.Debug|Any CPU.ActiveCfg = Debug|Any CPU
		{4F83326C-A29C-4FF2-8992-0A05EB06C96C}.Debug|Any CPU.Build.0 = Debug|Any CPU
		{4F83326C-A29C-4FF2-8992-0A05EB06C96C}.Release|Any CPU.ActiveCfg = Release|Any CPU
		{4F83326C-A29C-4FF2-8992-0A05EB06C96C}.Release|Any CPU.Build.0 = Release|Any CPU
		{8D94F5D4-5DC8-472B-982D-B5C70F0D852B}.Debug|Any CPU.ActiveCfg = Debug|Any CPU
		{8D94F5D4-5DC8-472B-982D-B5C70F0D852B}.Debug|Any CPU.Build.0 = Debug|Any CPU
		{8D94F5D4-5DC8-472B-982D-B5C70F0D852B}.Release|Any CPU.ActiveCfg = Release|Any CPU
		{8D94F5D4-5DC8-472B-982D-B5C70F0D852B}.Release|Any CPU.Build.0 = Release|Any CPU
		{B9DF0D68-1976-413A-9908-8827F321A825}.Debug|Any CPU.ActiveCfg = Debug|Any CPU
		{B9DF0D68-1976-413A-9908-8827F321A825}.Debug|Any CPU.Build.0 = Debug|Any CPU
		{B9DF0D68-1976-413A-9908-8827F321A825}.Release|Any CPU.ActiveCfg = Release|Any CPU
		{B9DF0D68-1976-413A-9908-8827F321A825}.Release|Any CPU.Build.0 = Release|Any CPU
		{74A41922-DC04-4701-9229-8DC1BE2BCC7B}.Debug|Any CPU.ActiveCfg = Debug|Any CPU
		{74A41922-DC04-4701-9229-8DC1BE2BCC7B}.Debug|Any CPU.Build.0 = Debug|Any CPU
		{74A41922-DC04-4701-9229-8DC1BE2BCC7B}.Release|Any CPU.ActiveCfg = Release|Any CPU
		{74A41922-DC04-4701-9229-8DC1BE2BCC7B}.Release|Any CPU.Build.0 = Release|Any CPU
		{E87FCBB0-01E1-448A-9C3C-3DF82973E6A4}.Debug|Any CPU.ActiveCfg = Debug|Any CPU
		{E87FCBB0-01E1-448A-9C3C-3DF82973E6A4}.Debug|Any CPU.Build.0 = Debug|Any CPU
		{E87FCBB0-01E1-448A-9C3C-3DF82973E6A4}.Release|Any CPU.ActiveCfg = Release|Any CPU
		{E87FCBB0-01E1-448A-9C3C-3DF82973E6A4}.Release|Any CPU.Build.0 = Release|Any CPU
		{D60AF187-E7D3-436A-97AC-14506E6E3CED}.Debug|Any CPU.ActiveCfg = Debug|Any CPU
		{D60AF187-E7D3-436A-97AC-14506E6E3CED}.Debug|Any CPU.Build.0 = Debug|Any CPU
		{D60AF187-E7D3-436A-97AC-14506E6E3CED}.Release|Any CPU.ActiveCfg = Release|Any CPU
		{D60AF187-E7D3-436A-97AC-14506E6E3CED}.Release|Any CPU.Build.0 = Release|Any CPU
		{6308C1B6-78E4-4F2A-A9DC-F860C49027AD}.Debug|Any CPU.ActiveCfg = Debug|Any CPU
		{6308C1B6-78E4-4F2A-A9DC-F860C49027AD}.Debug|Any CPU.Build.0 = Debug|Any CPU
		{6308C1B6-78E4-4F2A-A9DC-F860C49027AD}.Release|Any CPU.ActiveCfg = Release|Any CPU
		{6308C1B6-78E4-4F2A-A9DC-F860C49027AD}.Release|Any CPU.Build.0 = Release|Any CPU
		{B2760E0E-5E7A-406E-90CA-0B785AE7654A}.Debug|Any CPU.ActiveCfg = Debug|Any CPU
		{B2760E0E-5E7A-406E-90CA-0B785AE7654A}.Debug|Any CPU.Build.0 = Debug|Any CPU
		{B2760E0E-5E7A-406E-90CA-0B785AE7654A}.Release|Any CPU.ActiveCfg = Release|Any CPU
		{B2760E0E-5E7A-406E-90CA-0B785AE7654A}.Release|Any CPU.Build.0 = Release|Any CPU
		{2792D056-68C2-480F-9C90-C65697851C84}.Debug|Any CPU.ActiveCfg = Debug|Any CPU
		{2792D056-68C2-480F-9C90-C65697851C84}.Debug|Any CPU.Build.0 = Debug|Any CPU
		{2792D056-68C2-480F-9C90-C65697851C84}.Release|Any CPU.ActiveCfg = Release|Any CPU
		{2792D056-68C2-480F-9C90-C65697851C84}.Release|Any CPU.Build.0 = Release|Any CPU
	EndGlobalSection
	GlobalSection(SolutionProperties) = preSolution
		HideSolutionNode = FALSE
	EndGlobalSection
	GlobalSection(NestedProjects) = preSolution
		{9E5E4402-03E0-48B3-8792-F67CA12721BF} = {0269956D-BCA2-41B8-90AE-14E57448B574}
		{8967E3F6-AA5A-421F-9004-0D037B2469A5} = {2BBA2F33-6DE9-41FC-AB9A-7E4EF99BB348}
		{6CAB2B0D-F7A5-4BEE-B3AE-8DE659AF87E5} = {2BBA2F33-6DE9-41FC-AB9A-7E4EF99BB348}
		{D5290854-2B76-44AA-816C-8AE5797D0EA3} = {2BBA2F33-6DE9-41FC-AB9A-7E4EF99BB348}
		{2F3FAA55-E931-4571-9369-79E5CAE8B1B6} = {8ADC5047-B229-4D8E-906D-DBF25FEA0BAE}
		{4F83326C-A29C-4FF2-8992-0A05EB06C96C} = {8ADC5047-B229-4D8E-906D-DBF25FEA0BAE}
		{8D94F5D4-5DC8-472B-982D-B5C70F0D852B} = {8ADC5047-B229-4D8E-906D-DBF25FEA0BAE}
		{B9DF0D68-1976-413A-9908-8827F321A825} = {8ADC5047-B229-4D8E-906D-DBF25FEA0BAE}
		{74A41922-DC04-4701-9229-8DC1BE2BCC7B} = {86C06877-9BF4-49A4-BD98-3AA570F5BE06}
		{E87FCBB0-01E1-448A-9C3C-3DF82973E6A4} = {86C06877-9BF4-49A4-BD98-3AA570F5BE06}
		{D60AF187-E7D3-436A-97AC-14506E6E3CED} = {86C06877-9BF4-49A4-BD98-3AA570F5BE06}
		{6308C1B6-78E4-4F2A-A9DC-F860C49027AD} = {00970D65-3913-4816-B7DC-C9B37116EE25}
		{B2760E0E-5E7A-406E-90CA-0B785AE7654A} = {CF5F70E3-1C34-4D53-8E72-57C61A23C29D}
		{2792D056-68C2-480F-9C90-C65697851C84} = {E7C69957-91CB-4D07-A216-05B346D7CD51}
	EndGlobalSection
	GlobalSection(ExtensibilityGlobals) = postSolution
		SolutionGuid = {6F529CBA-36DB-466E-98A3-71950A6B7C0C}
	EndGlobalSection
EndGlobal
